
Microsoft Visual Studio Solution File, Format Version 12.00
# Visual Studio Version 17
VisualStudioVersion = 17.1.32228.430
MinimumVisualStudioVersion = 10.0.40219.1
Project("{FAE04EC0-301F-11D3-BF4B-00C04F79EFBC}") = "descompactar", "descompactar\descompactar.csproj", "{C45DB81D-048D-4340-BDE4-86E73B7F04F3}"
EndProject
Global
	GlobalSection(SolutionConfigurationPlatforms) = preSolution
		Debug|Any CPU = Debug|Any CPU
		Release|Any CPU = Release|Any CPU
	EndGlobalSection
	GlobalSection(ProjectConfigurationPlatforms) = postSolution
		{C45DB81D-048D-4340-BDE4-86E73B7F04F3}.Debug|Any CPU.ActiveCfg = Debug|Any CPU
		{C45DB81D-048D-4340-BDE4-86E73B7F04F3}.Debug|Any CPU.Build.0 = Debug|Any CPU
		{C45DB81D-048D-4340-BDE4-86E73B7F04F3}.Release|Any CPU.ActiveCfg = Release|Any CPU
		{C45DB81D-048D-4340-BDE4-86E73B7F04F3}.Release|Any CPU.Build.0 = Release|Any CPU
	EndGlobalSection
	GlobalSection(SolutionProperties) = preSolution
		HideSolutionNode = FALSE
	EndGlobalSection
	GlobalSection(ExtensibilityGlobals) = postSolution
		SolutionGuid = {D4920B7A-9A5C-4124-9F54-B05D27B9CB13}
	EndGlobalSection
EndGlobal
